
Microsoft Visual Studio Solution File, Format Version 12.00
# Visual Studio Version 16
VisualStudioVersion = 16.0.30907.101
MinimumVisualStudioVersion = 10.0.40219.1
Project("{FAE04EC0-301F-11D3-BF4B-00C04F79EFBC}") = "ConsoleUI", "ConsoleUI\ConsoleUI.csproj", "{2C92EA6F-5888-41AC-AE35-B587A7C5023D}"
EndProject
Project("{FAE04EC0-301F-11D3-BF4B-00C04F79EFBC}") = "Business", "Business\Business.csproj", "{0BA572B8-A6D8-4F20-BF0C-85F2AF45980C}"
EndProject
Project("{FAE04EC0-301F-11D3-BF4B-00C04F79EFBC}") = "Entities", "Entities\Entities.csproj", "{476DD5D2-0763-4C61-A3CF-18B51E03DFBF}"
EndProject
Project("{FAE04EC0-301F-11D3-BF4B-00C04F79EFBC}") = "DataAccess", "DataAccess\DataAccess.csproj", "{DB841D68-9079-47C4-BA69-E489C164BB6C}"
EndProject
Global
	GlobalSection(SolutionConfigurationPlatforms) = preSolution
		Debug|Any CPU = Debug|Any CPU
		Release|Any CPU = Release|Any CPU
	EndGlobalSection
	GlobalSection(ProjectConfigurationPlatforms) = postSolution
		{2C92EA6F-5888-41AC-AE35-B587A7C5023D}.Debug|Any CPU.ActiveCfg = Debug|Any CPU
		{2C92EA6F-5888-41AC-AE35-B587A7C5023D}.Debug|Any CPU.Build.0 = Debug|Any CPU
		{2C92EA6F-5888-41AC-AE35-B587A7C5023D}.Release|Any CPU.ActiveCfg = Release|Any CPU
		{2C92EA6F-5888-41AC-AE35-B587A7C5023D}.Release|Any CPU.Build.0 = Release|Any CPU
		{0BA572B8-A6D8-4F20-BF0C-85F2AF45980C}.Debug|Any CPU.ActiveCfg = Debug|Any CPU
		{0BA572B8-A6D8-4F20-BF0C-85F2AF45980C}.Debug|Any CPU.Build.0 = Debug|Any CPU
		{0BA572B8-A6D8-4F20-BF0C-85F2AF45980C}.Release|Any CPU.ActiveCfg = Release|Any CPU
		{0BA572B8-A6D8-4F20-BF0C-85F2AF45980C}.Release|Any CPU.Build.0 = Release|Any CPU
		{476DD5D2-0763-4C61-A3CF-18B51E03DFBF}.Debug|Any CPU.ActiveCfg = Debug|Any CPU
		{476DD5D2-0763-4C61-A3CF-18B51E03DFBF}.Debug|Any CPU.Build.0 = Debug|Any CPU
		{476DD5D2-0763-4C61-A3CF-18B51E03DFBF}.Release|Any CPU.ActiveCfg = Release|Any CPU
		{476DD5D2-0763-4C61-A3CF-18B51E03DFBF}.Release|Any CPU.Build.0 = Release|Any CPU
		{DB841D68-9079-47C4-BA69-E489C164BB6C}.Debug|Any CPU.ActiveCfg = Debug|Any CPU
		{DB841D68-9079-47C4-BA69-E489C164BB6C}.Debug|Any CPU.Build.0 = Debug|Any CPU
		{DB841D68-9079-47C4-BA69-E489C164BB6C}.Release|Any CPU.ActiveCfg = Release|Any CPU
		{DB841D68-9079-47C4-BA69-E489C164BB6C}.Release|Any CPU.Build.0 = Release|Any CPU
	EndGlobalSection
	GlobalSection(SolutionProperties) = preSolution
		HideSolutionNode = FALSE
	EndGlobalSection
	GlobalSection(ExtensibilityGlobals) = postSolution
		SolutionGuid = {72D9E9CD-E61A-4D13-9D6E-0234F8232254}
	EndGlobalSection
EndGlobal
